
Microsoft Visual Studio Solution File, Format Version 12.00
# Visual Studio Version 16
VisualStudioVersion = 16.0.31205.134
MinimumVisualStudioVersion = 10.0.40219.1
Project("{FAE04EC0-301F-11D3-BF4B-00C04F79EFBC}") = "ExMatriz", "ExMatriz\ExMatriz.csproj", "{4707B5EA-E39F-4885-A880-C2B29AEB70A9}"
EndProject
Global
	GlobalSection(SolutionConfigurationPlatforms) = preSolution
		Debug|Any CPU = Debug|Any CPU
		Release|Any CPU = Release|Any CPU
	EndGlobalSection
	GlobalSection(ProjectConfigurationPlatforms) = postSolution
		{4707B5EA-E39F-4885-A880-C2B29AEB70A9}.Debug|Any CPU.ActiveCfg = Debug|Any CPU
		{4707B5EA-E39F-4885-A880-C2B29AEB70A9}.Debug|Any CPU.Build.0 = Debug|Any CPU
		{4707B5EA-E39F-4885-A880-C2B29AEB70A9}.Release|Any CPU.ActiveCfg = Release|Any CPU
		{4707B5EA-E39F-4885-A880-C2B29AEB70A9}.Release|Any CPU.Build.0 = Release|Any CPU
	EndGlobalSection
	GlobalSection(SolutionProperties) = preSolution
		HideSolutionNode = FALSE
	EndGlobalSection
	GlobalSection(ExtensibilityGlobals) = postSolution
		SolutionGuid = {4CBC8492-9798-4FAC-9903-9F83844CA5F6}
	EndGlobalSection
EndGlobal
